
Microsoft Visual Studio Solution File, Format Version 12.00
# Visual Studio Version 17
VisualStudioVersion = 17.1.32319.34
MinimumVisualStudioVersion = 10.0.40219.1
Project("{FAE04EC0-301F-11D3-BF4B-00C04F79EFBC}") = "ROT3 cipher", "ROT3 cipher\ROT3 cipher.csproj", "{56CA88AC-47EC-46F5-8E21-3D9DDE24BF46}"
EndProject
Global
	GlobalSection(SolutionConfigurationPlatforms) = preSolution
		Debug|Any CPU = Debug|Any CPU
		Release|Any CPU = Release|Any CPU
	EndGlobalSection
	GlobalSection(ProjectConfigurationPlatforms) = postSolution
		{56CA88AC-47EC-46F5-8E21-3D9DDE24BF46}.Debug|Any CPU.ActiveCfg = Debug|Any CPU
		{56CA88AC-47EC-46F5-8E21-3D9DDE24BF46}.Debug|Any CPU.Build.0 = Debug|Any CPU
		{56CA88AC-47EC-46F5-8E21-3D9DDE24BF46}.Release|Any CPU.ActiveCfg = Release|Any CPU
		{56CA88AC-47EC-46F5-8E21-3D9DDE24BF46}.Release|Any CPU.Build.0 = Release|Any CPU
	EndGlobalSection
	GlobalSection(SolutionProperties) = preSolution
		HideSolutionNode = FALSE
	EndGlobalSection
	GlobalSection(ExtensibilityGlobals) = postSolution
		SolutionGuid = {C005CA3C-5141-458F-8E2C-8ADF2BE0DC08}
	EndGlobalSection
EndGlobal
