
Microsoft Visual Studio Solution File, Format Version 12.00
# Visual Studio Version 17
VisualStudioVersion = 17.1.32319.34
MinimumVisualStudioVersion = 10.0.40219.1
Project("{FAE04EC0-301F-11D3-BF4B-00C04F79EFBC}") = "Class Student Assignment", "Class Student Assignment\Class Student Assignment.csproj", "{3AB94723-2C0A-4DC1-8A48-15216AD977A4}"
EndProject
Global
	GlobalSection(SolutionConfigurationPlatforms) = preSolution
		Debug|Any CPU = Debug|Any CPU
		Release|Any CPU = Release|Any CPU
	EndGlobalSection
	GlobalSection(ProjectConfigurationPlatforms) = postSolution
		{3AB94723-2C0A-4DC1-8A48-15216AD977A4}.Debug|Any CPU.ActiveCfg = Debug|Any CPU
		{3AB94723-2C0A-4DC1-8A48-15216AD977A4}.Debug|Any CPU.Build.0 = Debug|Any CPU
		{3AB94723-2C0A-4DC1-8A48-15216AD977A4}.Release|Any CPU.ActiveCfg = Release|Any CPU
		{3AB94723-2C0A-4DC1-8A48-15216AD977A4}.Release|Any CPU.Build.0 = Release|Any CPU
	EndGlobalSection
	GlobalSection(SolutionProperties) = preSolution
		HideSolutionNode = FALSE
	EndGlobalSection
	GlobalSection(ExtensibilityGlobals) = postSolution
		SolutionGuid = {89C603DB-2717-4A09-90A6-917C34CBE927}
	EndGlobalSection
EndGlobal
