
Microsoft Visual Studio Solution File, Format Version 12.00
# Visual Studio Version 17
VisualStudioVersion = 17.2.32616.157
MinimumVisualStudioVersion = 10.0.40219.1
Project("{FAE04EC0-301F-11D3-BF4B-00C04F79EFBC}") = "Serializare2", "Serializare2\Serializare2.csproj", "{D0008EDF-4B52-4315-A805-4DF5C973BD52}"
EndProject
Global
	GlobalSection(SolutionConfigurationPlatforms) = preSolution
		Debug|Any CPU = Debug|Any CPU
		Release|Any CPU = Release|Any CPU
	EndGlobalSection
	GlobalSection(ProjectConfigurationPlatforms) = postSolution
		{D0008EDF-4B52-4315-A805-4DF5C973BD52}.Debug|Any CPU.ActiveCfg = Debug|Any CPU
		{D0008EDF-4B52-4315-A805-4DF5C973BD52}.Debug|Any CPU.Build.0 = Debug|Any CPU
		{D0008EDF-4B52-4315-A805-4DF5C973BD52}.Release|Any CPU.ActiveCfg = Release|Any CPU
		{D0008EDF-4B52-4315-A805-4DF5C973BD52}.Release|Any CPU.Build.0 = Release|Any CPU
	EndGlobalSection
	GlobalSection(SolutionProperties) = preSolution
		HideSolutionNode = FALSE
	EndGlobalSection
	GlobalSection(ExtensibilityGlobals) = postSolution
		SolutionGuid = {145792CF-564E-4A10-9AFA-1D9B01956FF7}
	EndGlobalSection
EndGlobal
