
Microsoft Visual Studio Solution File, Format Version 12.00
# Visual Studio Version 17
VisualStudioVersion = 17.1.32319.34
MinimumVisualStudioVersion = 10.0.40219.1
Project("{FAE04EC0-301F-11D3-BF4B-00C04F79EFBC}") = "PalindromAssignment", "PalindromAssignment\PalindromAssignment.csproj", "{1A0ADAB2-EDF1-41FC-B87F-73E7CA609FA4}"
EndProject
Project("{FAE04EC0-301F-11D3-BF4B-00C04F79EFBC}") = "PalindromAssignmentBonus", "PalindromAssignmentBonus\PalindromAssignmentBonus.csproj", "{28DF4828-520F-4528-A7B3-399FAD01B469}"
EndProject
Global
	GlobalSection(SolutionConfigurationPlatforms) = preSolution
		Debug|Any CPU = Debug|Any CPU
		Release|Any CPU = Release|Any CPU
	EndGlobalSection
	GlobalSection(ProjectConfigurationPlatforms) = postSolution
		{1A0ADAB2-EDF1-41FC-B87F-73E7CA609FA4}.Debug|Any CPU.ActiveCfg = Debug|Any CPU
		{1A0ADAB2-EDF1-41FC-B87F-73E7CA609FA4}.Debug|Any CPU.Build.0 = Debug|Any CPU
		{1A0ADAB2-EDF1-41FC-B87F-73E7CA609FA4}.Release|Any CPU.ActiveCfg = Release|Any CPU
		{1A0ADAB2-EDF1-41FC-B87F-73E7CA609FA4}.Release|Any CPU.Build.0 = Release|Any CPU
		{28DF4828-520F-4528-A7B3-399FAD01B469}.Debug|Any CPU.ActiveCfg = Debug|Any CPU
		{28DF4828-520F-4528-A7B3-399FAD01B469}.Debug|Any CPU.Build.0 = Debug|Any CPU
		{28DF4828-520F-4528-A7B3-399FAD01B469}.Release|Any CPU.ActiveCfg = Release|Any CPU
		{28DF4828-520F-4528-A7B3-399FAD01B469}.Release|Any CPU.Build.0 = Release|Any CPU
	EndGlobalSection
	GlobalSection(SolutionProperties) = preSolution
		HideSolutionNode = FALSE
	EndGlobalSection
	GlobalSection(ExtensibilityGlobals) = postSolution
		SolutionGuid = {3F97B8E7-84C7-4F93-BDEF-CA5AD21EB61B}
	EndGlobalSection
EndGlobal
