
Microsoft Visual Studio Solution File, Format Version 12.00
# Visual Studio Version 17
VisualStudioVersion = 17.1.32319.34
MinimumVisualStudioVersion = 10.0.40219.1
Project("{FAE04EC0-301F-11D3-BF4B-00C04F79EFBC}") = "Classes with light Assignment", "Classes with light Assignment\Classes with light Assignment.csproj", "{4FC3CC78-E052-41D3-A7D9-8AFCBC0E4CB0}"
EndProject
Global
	GlobalSection(SolutionConfigurationPlatforms) = preSolution
		Debug|Any CPU = Debug|Any CPU
		Release|Any CPU = Release|Any CPU
	EndGlobalSection
	GlobalSection(ProjectConfigurationPlatforms) = postSolution
		{4FC3CC78-E052-41D3-A7D9-8AFCBC0E4CB0}.Debug|Any CPU.ActiveCfg = Debug|Any CPU
		{4FC3CC78-E052-41D3-A7D9-8AFCBC0E4CB0}.Debug|Any CPU.Build.0 = Debug|Any CPU
		{4FC3CC78-E052-41D3-A7D9-8AFCBC0E4CB0}.Release|Any CPU.ActiveCfg = Release|Any CPU
		{4FC3CC78-E052-41D3-A7D9-8AFCBC0E4CB0}.Release|Any CPU.Build.0 = Release|Any CPU
	EndGlobalSection
	GlobalSection(SolutionProperties) = preSolution
		HideSolutionNode = FALSE
	EndGlobalSection
	GlobalSection(ExtensibilityGlobals) = postSolution
		SolutionGuid = {4B2C5912-944F-4F08-A775-50762FCFA2F3}
	EndGlobalSection
EndGlobal
